// !$*UTF8*$!
{
	archiveVersion = 1;
	classes = {
	};
	objectVersion = 46;
	objects = {

/* Begin PBXBuildFile section */
		ED69D9371C1498F50009BFCB /* AppDelegate.swift in Sources */ = {isa = PBXBuildFile; fileRef = ED69D9361C1498F50009BFCB /* AppDelegate.swift */; };
		ED69D9391C1498F50009BFCB /* ViewController.swift in Sources */ = {isa = PBXBuildFile; fileRef = ED69D9381C1498F50009BFCB /* ViewController.swift */; };
		ED69D93C1C1498F50009BFCB /* Main.storyboard in Resources */ = {isa = PBXBuildFile; fileRef = ED69D93A1C1498F50009BFCB /* Main.storyboard */; };
		ED69D93E1C1498F50009BFCB /* Assets.xcassets in Resources */ = {isa = PBXBuildFile; fileRef = ED69D93D1C1498F50009BFCB /* Assets.xcassets */; };
		ED69D9411C1498F50009BFCB /* LaunchScreen.storyboard in Resources */ = {isa = PBXBuildFile; fileRef = ED69D93F1C1498F50009BFCB /* LaunchScreen.storyboard */; };
		ED69D94C1C14992B0009BFCB /* LYBColor.swift in Sources */ = {isa = PBXBuildFile; fileRef = ED69D9491C14992B0009BFCB /* LYBColor.swift */; };
		ED69D94D1C14992B0009BFCB /* LYBNamedColor.swift in Sources */ = {isa = PBXBuildFile; fileRef = ED69D94A1C14992B0009BFCB /* LYBNamedColor.swift */; };
		ED69D94E1C14992B0009BFCB /* LYBNamedColors.swift in Sources */ = {isa = PBXBuildFile; fileRef = ED69D94B1C14992B0009BFCB /* LYBNamedColors.swift */; };
		ED69D9501C14993C0009BFCB /* Ball.swift in Sources */ = {isa = PBXBuildFile; fileRef = ED69D94F1C14993C0009BFCB /* Ball.swift */; };
		ED69D9521C14B4E40009BFCB /* LOGO.PNG in Resources */ = {isa = PBXBuildFile; fileRef = ED69D9511C14B4E40009BFCB /* LOGO.PNG */; };
/* End PBXBuildFile section */

/* Begin PBXFileReference section */
		ED69D9331C1498F50009BFCB /* BallDemo.app */ = {isa = PBXFileReference; explicitFileType = wrapper.application; includeInIndex = 0; path = BallDemo.app; sourceTree = BUILT_PRODUCTS_DIR; };
		ED69D9361C1498F50009BFCB /* AppDelegate.swift */ = {isa = PBXFileReference; lastKnownFileType = sourcecode.swift; path = AppDelegate.swift; sourceTree = "<group>"; };
		ED69D9381C1498F50009BFCB /* ViewController.swift */ = {isa = PBXFileReference; lastKnownFileType = sourcecode.swift; path = ViewController.swift; sourceTree = "<group>"; };
		ED69D93B1C1498F50009BFCB /* Base */ = {isa = PBXFileReference; lastKnownFileType = file.storyboard; name = Base; path = Base.lproj/Main.storyboard; sourceTree = "<group>"; };
		ED69D93D1C1498F50009BFCB /* Assets.xcassets */ = {isa = PBXFileReference; lastKnownFileType = folder.assetcatalog; path = Assets.xcassets; sourceTree = "<group>"; };
		ED69D9401C1498F50009BFCB /* Base */ = {isa = PBXFileReference; lastKnownFileType = file.storyboard; name = Base; path = Base.lproj/LaunchScreen.storyboard; sourceTree = "<group>"; };
		ED69D9421C1498F50009BFCB /* Info.plist */ = {isa = PBXFileReference; lastKnownFileType = text.plist.xml; path = Info.plist; sourceTree = "<group>"; };
		ED69D9491C14992B0009BFCB /* LYBColor.swift */ = {isa = PBXFileReference; fileEncoding = 4; lastKnownFileType = sourcecode.swift; path = LYBColor.swift; sourceTree = "<group>"; };
		ED69D94A1C14992B0009BFCB /* LYBNamedColor.swift */ = {isa = PBXFileReference; fileEncoding = 4; lastKnownFileType = sourcecode.swift; path = LYBNamedColor.swift; sourceTree = "<group>"; };
		ED69D94B1C14992B0009BFCB /* LYBNamedColors.swift */ = {isa = PBXFileReference; fileEncoding = 4; lastKnownFileType = sourcecode.swift; path = LYBNamedColors.swift; sourceTree = "<group>"; };
		ED69D94F1C14993C0009BFCB /* Ball.swift */ = {isa = PBXFileReference; fileEncoding = 4; lastKnownFileType = sourcecode.swift; path = Ball.swift; sourceTree = "<group>"; };
		ED69D9511C14B4E40009BFCB /* LOGO.PNG */ = {isa = PBXFileReference; lastKnownFileType = image.png; path = LOGO.PNG; sourceTree = "<group>"; };
/* End PBXFileReference section */

/* Begin PBXFrameworksBuildPhase section */
		ED69D9301C1498F50009BFCB /* Frameworks */ = {
			isa = PBXFrameworksBuildPhase;
			buildActionMask = 2147483647;
			files = (
			);
			runOnlyForDeploymentPostprocessing = 0;
		};
/* End PBXFrameworksBuildPhase section */

/* Begin PBXGroup section */
		ED69D92A1C1498F50009BFCB = {
			isa = PBXGroup;
			children = (
				ED69D9351C1498F50009BFCB /* BallDemo */,
				ED69D9341C1498F50009BFCB /* Products */,
			);
			sourceTree = "<group>";
		};
		ED69D9341C1498F50009BFCB /* Products */ = {
			isa = PBXGroup;
			children = (
				ED69D9331C1498F50009BFCB /* BallDemo.app */,
			);
			name = Products;
			sourceTree = "<group>";
		};
		ED69D9351C1498F50009BFCB /* BallDemo */ = {
			isa = PBXGroup;
			children = (
				ED69D9481C14990C0009BFCB /* Model */,
				ED69D9361C1498F50009BFCB /* AppDelegate.swift */,
				ED69D9381C1498F50009BFCB /* ViewController.swift */,
				ED69D9511C14B4E40009BFCB /* LOGO.PNG */,
				ED69D93A1C1498F50009BFCB /* Main.storyboard */,
				ED69D93D1C1498F50009BFCB /* Assets.xcassets */,
				ED69D93F1C1498F50009BFCB /* LaunchScreen.storyboard */,
				ED69D9421C1498F50009BFCB /* Info.plist */,
			);
			path = BallDemo;
			sourceTree = "<group>";
		};
		ED69D9481C14990C0009BFCB /* Model */ = {
			isa = PBXGroup;
			children = (
				ED69D9491C14992B0009BFCB /* LYBColor.swift */,
				ED69D94A1C14992B0009BFCB /* LYBNamedColor.swift */,
				ED69D94B1C14992B0009BFCB /* LYBNamedColors.swift */,
				ED69D94F1C14993C0009BFCB /* Ball.swift */,
			);
			name = Model;
			sourceTree = "<group>";
		};
/* End PBXGroup section */

/* Begin PBXNativeTarget section */
		ED69D9321C1498F50009BFCB /* BallDemo */ = {
			isa = PBXNativeTarget;
			buildConfigurationList = ED69D9451C1498F50009BFCB /* Build configuration list for PBXNativeTarget "BallDemo" */;
			buildPhases = (
				ED69D92F1C1498F50009BFCB /* Sources */,
				ED69D9301C1498F50009BFCB /* Frameworks */,
				ED69D9311C1498F50009BFCB /* Resources */,
			);
			buildRules = (
			);
			dependencies = (
			);
			name = BallDemo;
			productName = BallDemo;
			productReference = ED69D9331C1498F50009BFCB /* BallDemo.app */;
			productType = "com.apple.product-type.application";
		};
/* End PBXNativeTarget section */

/* Begin PBXProject section */
		ED69D92B1C1498F50009BFCB /* Project object */ = {
			isa = PBXProject;
			attributes = {
				LastSwiftUpdateCheck = 0710;
				LastUpgradeCheck = 0710;
				ORGANIZATIONNAME = "Yubo Liu";
				TargetAttributes = {
					ED69D9321C1498F50009BFCB = {
						CreatedOnToolsVersion = 7.1.1;
						DevelopmentTeam = V639DNGFGL;
					};
				};
			};
			buildConfigurationList = ED69D92E1C1498F50009BFCB /* Build configuration list for PBXProject "BallDemo" */;
			compatibilityVersion = "Xcode 3.2";
			developmentRegion = English;
			hasScannedForEncodings = 0;
			knownRegions = (
				en,
				Base,
			);
			mainGroup = ED69D92A1C1498F50009BFCB;
			productRefGroup = ED69D9341C1498F50009BFCB /* Products */;
			projectDirPath = "";
			projectRoot = "";
			targets = (
				ED69D9321C1498F50009BFCB /* BallDemo */,
			);
		};
/* End PBXProject section */

/* Begin PBXResourcesBuildPhase section */
		ED69D9311C1498F50009BFCB /* Resources */ = {
			isa = PBXResourcesBuildPhase;
			buildActionMask = 2147483647;
			files = (
				ED69D9521C14B4E40009BFCB /* LOGO.PNG in Resources */,
				ED69D9411C1498F50009BFCB /* LaunchScreen.storyboard in Resources */,
				ED69D93E1C1498F50009BFCB /* Assets.xcassets in Resources */,
				ED69D93C1C1498F50009BFCB /* Main.storyboard in Resources */,
			);
			runOnlyForDeploymentPostprocessing = 0;
		};
/* End PBXResourcesBuildPhase section */

/* Begin PBXSourcesBuildPhase section */
		ED69D92F1C1498F50009BFCB /* Sources */ = {
			isa = PBXSourcesBuildPhase;
			buildActionMask = 2147483647;
			files = (
				ED69D9501C14993C0009BFCB /* Ball.swift in Sources */,
				ED69D94C1C14992B0009BFCB /* LYBColor.swift in Sources */,
				ED69D94E1C14992B0009BFCB /* LYBNamedColors.swift in Sources */,
				ED69D94D1C14992B0009BFCB /* LYBNamedColor.swift in Sources */,
				ED69D9391C1498F50009BFCB /* ViewController.swift in Sources */,
				ED69D9371C1498F50009BFCB /* AppDelegate.swift in Sources */,
			);
			runOnlyForDeploymentPostprocessing = 0;
		};
/* End PBXSourcesBuildPhase section */

/* Begin PBXVariantGroup section */
		ED69D93A1C1498F50009BFCB /* Main.storyboard */ = {
			isa = PBXVariantGroup;
			children = (
				ED69D93B1C1498F50009BFCB /* Base */,
			);
			name = Main.storyboard;
			sourceTree = "<group>";
		};
		ED69D93F1C1498F50009BFCB /* LaunchScreen.storyboard */ = {
			isa = PBXVariantGroup;
			children = (
				ED69D9401C1498F50009BFCB /* Base */,
			);
			name = LaunchScreen.storyboard;
			sourceTree = "<group>";
		};
/* End PBXVariantGroup section */

/* Begin XCBuildConfiguration section */
		ED69D9431C1498F50009BFCB /* Debug */ = {
			isa = XCBuildConfiguration;
			buildSettings = {
				ALWAYS_SEARCH_USER_PATHS = NO;
				CLANG_CXX_LANGUAGE_STANDARD = "gnu++0x";
				CLANG_CXX_LIBRARY = "libc++";
				CLANG_ENABLE_MODULES = YES;
				CLANG_ENABLE_OBJC_ARC = YES;
				CLANG_WARN_BOOL_CONVERSION = YES;
				CLANG_WARN_CONSTANT_CONVERSION = YES;
				CLANG_WARN_DIRECT_OBJC_ISA_USAGE = YES_ERROR;
				CLANG_WARN_EMPTY_BODY = YES;
				CLANG_WARN_ENUM_CONVERSION = YES;
				CLANG_WARN_INT_CONVERSION = YES;
				CLANG_WARN_OBJC_ROOT_CLASS = YES_ERROR;
				CLANG_WARN_UNREACHABLE_CODE = YES;
				CLANG_WARN__DUPLICATE_METHOD_MATCH = YES;
				"CODE_SIGN_IDENTITY[sdk=iphoneos*]" = "iPhone Developer";
				COPY_PHASE_STRIP = NO;
				DEBUG_INFORMATION_FORMAT = dwarf;
				ENABLE_STRICT_OBJC_MSGSEND = YES;
				ENABLE_TESTABILITY = YES;
				GCC_C_LANGUAGE_STANDARD = gnu99;
				GCC_DYNAMIC_NO_PIC = NO;
				GCC_NO_COMMON_BLOCKS = YES;
				GCC_OPTIMIZATION_LEVEL = 0;
				GCC_PREPROCESSOR_DEFINITIONS = (
					"DEBUG=1",
					"$(inherited)",
				);
				GCC_WARN_64_TO_32_BIT_CONVERSION = YES;
				GCC_WARN_ABOUT_RETURN_TYPE = YES_ERROR;
				GCC_WARN_UNDECLARED_SELECTOR = YES;
				GCC_WARN_UNINITIALIZED_AUTOS = YES_AGGRESSIVE;
				GCC_WARN_UNUSED_FUNCTION = YES;
				GCC_WARN_UNUSED_VARIABLE = YES;
				IPHONEOS_DEPLOYMENT_TARGET = 9.1;
				MTL_ENABLE_DEBUG_INFO = YES;
				ONLY_ACTIVE_ARCH = YES;
				SDKROOT = iphoneos;
				SWIFT_OPTIMIZATION_LEVEL = "-Onone";
			};
			name = Debug;
		};
		ED69D9441C1498F50009BFCB /* Release */ = {
			isa = XCBuildConfiguration;
			buildSettings = {
				ALWAYS_SEARCH_USER_PATHS = NO;
				CLANG_CXX_LANGUAGE_STANDARD = "gnu++0x";
				CLANG_CXX_LIBRARY = "libc++";
				CLANG_ENABLE_MODULES = YES;
				CLANG_ENABLE_OBJC_ARC = YES;
				CLANG_WARN_BOOL_CONVERSION = YES;
				CLANG_WARN_CONSTANT_CONVERSION = YES;
				CLANG_WARN_DIRECT_OBJC_ISA_USAGE = YES_ERROR;
				CLANG_WARN_EMPTY_BODY = YES;
				CLANG_WARN_ENUM_CONVERSION = YES;
				CLANG_WARN_INT_CONVERSION = YES;
				CLANG_WARN_OBJC_ROOT_CLASS = YES_ERROR;
				CLANG_WARN_UNREACHABLE_CODE = YES;
				CLANG_WARN__DUPLICATE_METHOD_MATCH = YES;
				"CODE_SIGN_IDENTITY[sdk=iphoneos*]" = "iPhone Developer";
				COPY_PHASE_STRIP = NO;
				DEBUG_INFORMATION_FORMAT = "dwarf-with-dsym";
				ENABLE_NS_ASSERTIONS = NO;
				ENABLE_STRICT_OBJC_MSGSEND = YES;
				GCC_C_LANGUAGE_STANDARD = gnu99;
				GCC_NO_COMMON_BLOCKS = YES;
				GCC_WARN_64_TO_32_BIT_CONVERSION = YES;
				GCC_WARN_ABOUT_RETURN_TYPE = YES_ERROR;
				GCC_WARN_UNDECLARED_SELECTOR = YES;
				GCC_WARN_UNINITIALIZED_AUTOS = YES_AGGRESSIVE;
				GCC_WARN_UNUSED_FUNCTION = YES;
				GCC_WARN_UNUSED_VARIABLE = YES;
				IPHONEOS_DEPLOYMENT_TARGET = 9.1;
				MTL_ENABLE_DEBUG_INFO = NO;
				SDKROOT = iphoneos;
				VALIDATE_PRODUCT = YES;
			};
			name = Release;
		};
		ED69D9461C1498F50009BFCB /* Debug */ = {
			isa = XCBuildConfiguration;
			buildSettings = {
				ASSETCATALOG_COMPILER_APPICON_NAME = AppIcon;
				CODE_SIGN_IDENTITY = "iPhone Developer";
				INFOPLIST_FILE = BallDemo/Info.plist;
				IPHONEOS_DEPLOYMENT_TARGET = 9.0;
				LD_RUNPATH_SEARCH_PATHS = "$(inherited) @executable_path/Frameworks";
				PRODUCT_BUNDLE_IDENTIFIER = com.liuyubobobo.BallDemo;
				PRODUCT_NAME = "$(TARGET_NAME)";
			};
			name = Debug;
		};
		ED69D9471C1498F50009BFCB /* Release */ = {
			isa = XCBuildConfiguration;
			buildSettings = {
				ASSETCATALOG_COMPILER_APPICON_NAME = AppIcon;
				CODE_SIGN_IDENTITY = "iPhone Developer";
				INFOPLIST_FILE = BallDemo/Info.plist;
				IPHONEOS_DEPLOYMENT_TARGET = 9.0;
				LD_RUNPATH_SEARCH_PATHS = "$(inherited) @executable_path/Frameworks";
				PRODUCT_BUNDLE_IDENTIFIER = com.liuyubobobo.BallDemo;
				PRODUCT_NAME = "$(TARGET_NAME)";
			};
			name = Release;
		};
/* End XCBuildConfiguration section */

/* Begin XCConfigurationList section */
		ED69D92E1C1498F50009BFCB /* Build configuration list for PBXProject "BallDemo" */ = {
			isa = XCConfigurationList;
			buildConfigurations = (
				ED69D9431C1498F50009BFCB /* Debug */,
				ED69D9441C1498F50009BFCB /* Release */,
			);
			defaultConfigurationIsVisible = 0;
			defaultConfigurationName = Release;
		};
		ED69D9451C1498F50009BFCB /* Build configuration list for PBXNativeTarget "BallDemo" */ = {
			isa = XCConfigurationList;
			buildConfigurations = (
				ED69D9461C1498F50009BFCB /* Debug */,
				ED69D9471C1498F50009BFCB /* Release */,
			);
			defaultConfigurationIsVisible = 0;
			defaultConfigurationName = Release;
		};
/* End XCConfigurationList section */
	};
	rootObject = ED69D92B1C1498F50009BFCB /* Project object */;
}
